{
  "name": "@oudy/backend-component-entity",
  "version": "1.0.0",
  "lockfileVersion": 1,
  "requires": true,
  "dependencies": {
    "@oudy/entity": {
      "version": "1.0.4",
      "resolved": "https://registry.npmjs.org/@oudy/entity/-/entity-1.0.4.tgz",
      "integrity": "sha512-ee/4uIkrsd1hmR8B5vRljvjqc85xkxY1s06Ynw+sFFnG4HIhWOK5OhzQW085lVme77N0LknEIDzsiGPXCQNZFQ==",
      "requires": {
        "plural": "^1.1.0"
      }
    },
    "plural": {
      "version": "1.1.0",
      "resolved": "https://registry.npmjs.org/plural/-/plural-1.1.0.tgz",
      "integrity": "sha512-kX459gcOOllXDCPolRRBItCjvWU4bULIg4R3OYRMAp/4mZuBfF/H7b/SBsTJZkyc+GFkJV4ENitITOz45kyzqQ=="
    }
  }
}
